<?xml version="1.0" encoding="utf-8"?>
<Project ToolsVersion="4.0" xmlns="http://schemas.microsoft.com/developer/msbuild/2003">
  <ItemGroup>
    <Filter Include="源文件">
      <UniqueIdentifier>{4FC737F1-C7A5-4376-A066-2A32D752A2FF}</UniqueIdentifier>
      <Extensions>cpp;c;cc;cxx;def;odl;idl;hpj;bat;asm;asmx</Extensions>
    </Filter>
    <Filter Include="头文件">
      <UniqueIdentifier>{93995380-89BD-4b04-88EB-625FBE52EBFB}</UniqueIdentifier>
      <Extensions>h;hh;hpp;hxx;hm;inl;inc;xsd</Extensions>
    </Filter>
    <Filter Include="资源文件">
      <UniqueIdentifier>{67DA6AB6-F800-4c08-8B7A-83BB121AAD01}</UniqueIdentifier>
      <Extensions>rc;ico;cur;bmp;dlg;rc2;rct;bin;rgs;gif;jpg;jpeg;jpe;resx;tiff;tif;png;wav;mfcribbon-ms</Extensions>
    </Filter>
    <Filter Include="源文件\杂项">
      <UniqueIdentifier>{a4c06e8e-d46f-4b1d-8c1f-c41463b45c68}</UniqueIdentifier>
    </Filter>
  </ItemGroup>
  <ItemGroup>
    <ClCompile Include="P168.cpp">
      <Filter>源文件</Filter>
    </ClCompile>
    <ClCompile Include="P171.cpp">
      <Filter>源文件</Filter>
    </ClCompile>
    <ClCompile Include="LeetCode.cpp">
      <Filter>源文件</Filter>
    </ClCompile>
    <ClCompile Include="P001.cpp">
      <Filter>源文件</Filter>
    </ClCompile>
    <ClCompile Include="P002.cpp">
      <Filter>源文件</Filter>
    </ClCompile>
    <ClCompile Include="P003.cpp">
      <Filter>源文件</Filter>
    </ClCompile>
    <ClCompile Include="P004.cpp">
      <Filter>源文件</Filter>
    </ClCompile>
    <ClCompile Include="P005.cpp">
      <Filter>源文件</Filter>
    </ClCompile>
    <ClCompile Include="P006.cpp">
      <Filter>源文件</Filter>
    </ClCompile>
    <ClCompile Include="P007.cpp">
      <Filter>源文件</Filter>
    </ClCompile>
    <ClCompile Include="P008.cpp">
      <Filter>源文件</Filter>
    </ClCompile>
    <ClCompile Include="P009.cpp">
      <Filter>源文件</Filter>
    </ClCompile>
    <ClCompile Include="P010.cpp">
      <Filter>源文件</Filter>
    </ClCompile>
    <ClCompile Include="P011.cpp">
      <Filter>源文件</Filter>
    </ClCompile>
    <ClCompile Include="P012.cpp">
      <Filter>源文件</Filter>
    </ClCompile>
    <ClCompile Include="P013.cpp">
      <Filter>源文件</Filter>
    </ClCompile>
    <ClCompile Include="P014.cpp">
      <Filter>源文件</Filter>
    </ClCompile>
    <ClCompile Include="P015.cpp">
      <Filter>源文件</Filter>
    </ClCompile>
    <ClCompile Include="P016.cpp">
      <Filter>源文件</Filter>
    </ClCompile>
    <ClCompile Include="P017.cpp">
      <Filter>源文件</Filter>
    </ClCompile>
    <ClCompile Include="P018.cpp">
      <Filter>源文件</Filter>
    </ClCompile>
    <ClCompile Include="P019.cpp">
      <Filter>源文件</Filter>
    </ClCompile>
    <ClCompile Include="P020.cpp">
      <Filter>源文件</Filter>
    </ClCompile>
    <ClCompile Include="P021.cpp">
      <Filter>源文件</Filter>
    </ClCompile>
    <ClCompile Include="P022.cpp">
      <Filter>源文件</Filter>
    </ClCompile>
    <ClCompile Include="P023.cpp">
      <Filter>源文件</Filter>
    </ClCompile>
    <ClCompile Include="P024.cpp">
      <Filter>源文件</Filter>
    </ClCompile>
    <ClCompile Include="P025.cpp">
      <Filter>源文件</Filter>
    </ClCompile>
    <ClCompile Include="P026.cpp">
      <Filter>源文件</Filter>
    </ClCompile>
    <ClCompile Include="P027.cpp">
      <Filter>源文件</Filter>
    </ClCompile>
    <ClCompile Include="P028.cpp">
      <Filter>源文件</Filter>
    </ClCompile>
    <ClCompile Include="P029.cpp">
      <Filter>源文件</Filter>
    </ClCompile>
    <ClCompile Include="P030.cpp">
      <Filter>源文件</Filter>
    </ClCompile>
    <ClCompile Include="P031.cpp">
      <Filter>源文件</Filter>
    </ClCompile>
    <ClCompile Include="P032.cpp">
      <Filter>源文件</Filter>
    </ClCompile>
    <ClCompile Include="P033.cpp">
      <Filter>源文件</Filter>
    </ClCompile>
    <ClCompile Include="P034.cpp">
      <Filter>源文件</Filter>
    </ClCompile>
    <ClCompile Include="P035.cpp">
      <Filter>源文件</Filter>
    </ClCompile>
    <ClCompile Include="P036.cpp">
      <Filter>源文件</Filter>
    </ClCompile>
    <ClCompile Include="P037.cpp">
      <Filter>源文件</Filter>
    </ClCompile>
    <ClCompile Include="P038.cpp">
      <Filter>源文件</Filter>
    </ClCompile>
    <ClCompile Include="P039.cpp">
      <Filter>源文件</Filter>
    </ClCompile>
    <ClCompile Include="P040.cpp">
      <Filter>源文件</Filter>
    </ClCompile>
    <ClCompile Include="P041.cpp">
      <Filter>源文件</Filter>
    </ClCompile>
    <ClCompile Include="P042.cpp">
      <Filter>源文件</Filter>
    </ClCompile>
    <ClCompile Include="P044.cpp">
      <Filter>源文件</Filter>
    </ClCompile>
    <ClCompile Include="P045.cpp">
      <Filter>源文件</Filter>
    </ClCompile>
    <ClCompile Include="P046.cpp">
      <Filter>源文件</Filter>
    </ClCompile>
    <ClCompile Include="P047.cpp">
      <Filter>源文件</Filter>
    </ClCompile>
    <ClCompile Include="P048.cpp">
      <Filter>源文件</Filter>
    </ClCompile>
    <ClCompile Include="P049.cpp">
      <Filter>源文件</Filter>
    </ClCompile>
    <ClCompile Include="P050.cpp">
      <Filter>源文件</Filter>
    </ClCompile>
    <ClCompile Include="P051.cpp">
      <Filter>源文件</Filter>
    </ClCompile>
    <ClCompile Include="P052.cpp">
      <Filter>源文件</Filter>
    </ClCompile>
    <ClCompile Include="P053.cpp">
      <Filter>源文件</Filter>
    </ClCompile>
    <ClCompile Include="P054.cpp">
      <Filter>源文件</Filter>
    </ClCompile>
    <ClCompile Include="P056.cpp">
      <Filter>源文件</Filter>
    </ClCompile>
    <ClCompile Include="P055.cpp">
      <Filter>源文件</Filter>
    </ClCompile>
    <ClCompile Include="P057.cpp">
      <Filter>源文件</Filter>
    </ClCompile>
    <ClCompile Include="P058.cpp">
      <Filter>源文件</Filter>
    </ClCompile>
    <ClCompile Include="P059.cpp">
      <Filter>源文件</Filter>
    </ClCompile>
    <ClCompile Include="P060.cpp">
      <Filter>源文件</Filter>
    </ClCompile>
    <ClCompile Include="P061.cpp">
      <Filter>源文件</Filter>
    </ClCompile>
    <ClCompile Include="P062.cpp">
      <Filter>源文件</Filter>
    </ClCompile>
    <ClCompile Include="P063.cpp">
      <Filter>源文件</Filter>
    </ClCompile>
    <ClCompile Include="P064.cpp">
      <Filter>源文件</Filter>
    </ClCompile>
    <ClCompile Include="P066.cpp">
      <Filter>源文件</Filter>
    </ClCompile>
    <ClCompile Include="P065.cpp">
      <Filter>源文件</Filter>
    </ClCompile>
    <ClCompile Include="P067.cpp">
      <Filter>源文件</Filter>
    </ClCompile>
    <ClCompile Include="P068.cpp">
      <Filter>源文件</Filter>
    </ClCompile>
    <ClCompile Include="P069.cpp">
      <Filter>源文件</Filter>
    </ClCompile>
    <ClCompile Include="P070.cpp">
      <Filter>源文件</Filter>
    </ClCompile>
    <ClCompile Include="P071.cpp">
      <Filter>源文件</Filter>
    </ClCompile>
    <ClCompile Include="P072.cpp">
      <Filter>源文件</Filter>
    </ClCompile>
    <ClCompile Include="P073.cpp">
      <Filter>源文件</Filter>
    </ClCompile>
    <ClCompile Include="P074.cpp">
      <Filter>源文件</Filter>
    </ClCompile>
    <ClCompile Include="P075.cpp">
      <Filter>源文件</Filter>
    </ClCompile>
    <ClCompile Include="P076.cpp">
      <Filter>源文件</Filter>
    </ClCompile>
    <ClCompile Include="P077.cpp">
      <Filter>源文件</Filter>
    </ClCompile>
    <ClCompile Include="P078.cpp">
      <Filter>源文件</Filter>
    </ClCompile>
    <ClCompile Include="P079.cpp">
      <Filter>源文件</Filter>
    </ClCompile>
    <ClCompile Include="P080.cpp">
      <Filter>源文件</Filter>
    </ClCompile>
    <ClCompile Include="P082.cpp">
      <Filter>源文件</Filter>
    </ClCompile>
    <ClCompile Include="P081.cpp">
      <Filter>源文件</Filter>
    </ClCompile>
    <ClCompile Include="P083.cpp">
      <Filter>源文件</Filter>
    </ClCompile>
    <ClCompile Include="P084.cpp">
      <Filter>源文件</Filter>
    </ClCompile>
    <ClCompile Include="P085.cpp">
      <Filter>源文件</Filter>
    </ClCompile>
    <ClCompile Include="P086.cpp">
      <Filter>源文件</Filter>
    </ClCompile>
    <ClCompile Include="P087.cpp">
      <Filter>源文件</Filter>
    </ClCompile>
    <ClCompile Include="P088.cpp">
      <Filter>源文件</Filter>
    </ClCompile>
    <ClCompile Include="P089.cpp">
      <Filter>源文件</Filter>
    </ClCompile>
    <ClCompile Include="P090.cpp">
      <Filter>源文件</Filter>
    </ClCompile>
    <ClCompile Include="P091.cpp">
      <Filter>源文件</Filter>
    </ClCompile>
    <ClCompile Include="P092.cpp">
      <Filter>源文件</Filter>
    </ClCompile>
    <ClCompile Include="P093.cpp">
      <Filter>源文件</Filter>
    </ClCompile>
    <ClCompile Include="P094.cpp">
      <Filter>源文件</Filter>
    </ClCompile>
    <ClCompile Include="P096.cpp">
      <Filter>源文件</Filter>
    </ClCompile>
    <ClCompile Include="P095.cpp">
      <Filter>源文件</Filter>
    </ClCompile>
    <ClCompile Include="P097.cpp">
      <Filter>源文件</Filter>
    </ClCompile>
    <ClCompile Include="P098.cpp">
      <Filter>源文件</Filter>
    </ClCompile>
    <ClCompile Include="P099.cpp">
      <Filter>源文件</Filter>
    </ClCompile>
    <ClCompile Include="P100.cpp">
      <Filter>源文件</Filter>
    </ClCompile>
    <ClCompile Include="P043.cpp">
      <Filter>源文件</Filter>
    </ClCompile>
    <ClCompile Include="P101.cpp">
      <Filter>源文件</Filter>
    </ClCompile>
    <ClCompile Include="P102.cpp">
      <Filter>源文件</Filter>
    </ClCompile>
    <ClCompile Include="P103.cpp">
      <Filter>源文件</Filter>
    </ClCompile>
    <ClCompile Include="3_CNF_SAT_Probabilistic.c">
      <Filter>源文件\杂项</Filter>
    </ClCompile>
    <ClCompile Include="boolSat.cpp">
      <Filter>源文件\杂项</Filter>
    </ClCompile>
    <ClCompile Include="cash.c">
      <Filter>源文件\杂项</Filter>
    </ClCompile>
    <ClCompile Include="heap_dijsktra.c">
      <Filter>源文件\杂项</Filter>
    </ClCompile>
    <ClCompile Include="Tic_Tac_Toe.cpp">
      <Filter>源文件\杂项</Filter>
    </ClCompile>
    <ClCompile Include="P104.cpp">
      <Filter>源文件</Filter>
    </ClCompile>
    <ClCompile Include="P105.cpp">
      <Filter>源文件</Filter>
    </ClCompile>
    <ClCompile Include="P106.cpp">
      <Filter>源文件</Filter>
    </ClCompile>
    <ClCompile Include="P107.cpp">
      <Filter>源文件</Filter>
    </ClCompile>
    <ClCompile Include="P108.cpp">
      <Filter>源文件</Filter>
    </ClCompile>
    <ClCompile Include="P109.cpp">
      <Filter>源文件</Filter>
    </ClCompile>
    <ClCompile Include="P110.cpp">
      <Filter>源文件</Filter>
    </ClCompile>
    <ClCompile Include="P111.cpp">
      <Filter>源文件</Filter>
    </ClCompile>
    <ClCompile Include="P112.cpp">
      <Filter>源文件</Filter>
    </ClCompile>
    <ClCompile Include="P113.cpp">
      <Filter>源文件</Filter>
    </ClCompile>
    <ClCompile Include="P114.cpp">
      <Filter>源文件</Filter>
    </ClCompile>
    <ClCompile Include="P115.cpp">
      <Filter>源文件</Filter>
    </ClCompile>
    <ClCompile Include="P116.cpp">
      <Filter>源文件</Filter>
    </ClCompile>
    <ClCompile Include="P117.cpp">
      <Filter>源文件</Filter>
    </ClCompile>
    <ClCompile Include="P118.cpp">
      <Filter>源文件</Filter>
    </ClCompile>
    <ClCompile Include="P119.cpp">
      <Filter>源文件</Filter>
    </ClCompile>
    <ClCompile Include="P120.cpp">
      <Filter>源文件</Filter>
    </ClCompile>
    <ClCompile Include="P121.cpp">
      <Filter>源文件</Filter>
    </ClCompile>
    <ClCompile Include="P122.cpp">
      <Filter>源文件</Filter>
    </ClCompile>
    <ClCompile Include="P123.cpp">
      <Filter>源文件</Filter>
    </ClCompile>
    <ClCompile Include="P124.cpp">
      <Filter>源文件</Filter>
    </ClCompile>
    <ClCompile Include="P125.cpp">
      <Filter>源文件</Filter>
    </ClCompile>
    <ClCompile Include="P126.cpp">
      <Filter>源文件</Filter>
    </ClCompile>
    <ClCompile Include="P131.cpp">
      <Filter>源文件</Filter>
    </ClCompile>
    <ClCompile Include="P132.cpp">
      <Filter>源文件</Filter>
    </ClCompile>
    <ClCompile Include="P137.cpp">
      <Filter>源文件</Filter>
    </ClCompile>
    <ClCompile Include="P127.cpp">
      <Filter>源文件</Filter>
    </ClCompile>
    <ClCompile Include="P128.cpp">
      <Filter>源文件</Filter>
    </ClCompile>
    <ClCompile Include="P129.cpp">
      <Filter>源文件</Filter>
    </ClCompile>
    <ClCompile Include="P130.cpp">
      <Filter>源文件</Filter>
    </ClCompile>
    <ClCompile Include="P133.cpp">
      <Filter>源文件</Filter>
    </ClCompile>
    <ClCompile Include="P134.cpp">
      <Filter>源文件</Filter>
    </ClCompile>
    <ClCompile Include="P135.cpp">
      <Filter>源文件</Filter>
    </ClCompile>
    <ClCompile Include="P136.cpp">
      <Filter>源文件</Filter>
    </ClCompile>
    <ClCompile Include="P138.cpp">
      <Filter>源文件</Filter>
    </ClCompile>
    <ClCompile Include="P148.cpp">
      <Filter>源文件</Filter>
    </ClCompile>
    <ClCompile Include="P139.cpp">
      <Filter>源文件</Filter>
    </ClCompile>
    <ClCompile Include="P140.cpp">
      <Filter>源文件</Filter>
    </ClCompile>
    <ClCompile Include="P141.cpp">
      <Filter>源文件</Filter>
    </ClCompile>
    <ClCompile Include="P142.cpp">
      <Filter>源文件</Filter>
    </ClCompile>
    <ClCompile Include="P143.cpp">
      <Filter>源文件</Filter>
    </ClCompile>
    <ClCompile Include="P144.cpp">
      <Filter>源文件</Filter>
    </ClCompile>
    <ClCompile Include="P145.cpp">
      <Filter>源文件</Filter>
    </ClCompile>
    <ClCompile Include="P146.cpp">
      <Filter>源文件</Filter>
    </ClCompile>
    <ClCompile Include="P147.cpp">
      <Filter>源文件</Filter>
    </ClCompile>
  </ItemGroup>
  <ItemGroup>
    <ClInclude Include="LeetCode.h">
      <Filter>头文件</Filter>
    </ClInclude>
  </ItemGroup>
</Project>