<?xml version="1.0" encoding="utf-8"?>
<Project ToolsVersion="4.0" xmlns="http://schemas.microsoft.com/developer/msbuild/2003">
  <ItemGroup>
    <Filter Include="源文件">
      <UniqueIdentifier>{4FC737F1-C7A5-4376-A066-2A32D752A2FF}</UniqueIdentifier>
      <Extensions>cpp;c;cc;cxx;def;odl;idl;hpj;bat;asm;asmx</Extensions>
    </Filter>
    <Filter Include="头文件">
      <UniqueIdentifier>{93995380-89BD-4b04-88EB-625FBE52EBFB}</UniqueIdentifier>
      <Extensions>h;hh;hpp;hxx;hm;inl;inc;xsd</Extensions>
    </Filter>
    <Filter Include="资源文件">
      <UniqueIdentifier>{67DA6AB6-F800-4c08-8B7A-83BB121AAD01}</UniqueIdentifier>
      <Extensions>rc;ico;cur;bmp;dlg;rc2;rct;bin;rgs;gif;jpg;jpeg;jpe;resx;tiff;tif;png;wav;mfcribbon-ms</Extensions>
    </Filter>
  </ItemGroup>
  <ItemGroup>
    <ClCompile Include="heapsort.c">
      <Filter>源文件</Filter>
    </ClCompile>
    <ClCompile Include="cash.c">
      <Filter>源文件</Filter>
    </ClCompile>
    <ClCompile Include="P168.cpp">
      <Filter>源文件</Filter>
    </ClCompile>
    <ClCompile Include="P171.cpp">
      <Filter>源文件</Filter>
    </ClCompile>
    <ClCompile Include="LeetCode.cpp">
      <Filter>源文件</Filter>
    </ClCompile>
    <ClCompile Include="P001.cpp">
      <Filter>源文件</Filter>
    </ClCompile>
    <ClCompile Include="P002.cpp">
      <Filter>源文件</Filter>
    </ClCompile>
    <ClCompile Include="P003.cpp">
      <Filter>源文件</Filter>
    </ClCompile>
    <ClCompile Include="P004.cpp">
      <Filter>源文件</Filter>
    </ClCompile>
    <ClCompile Include="P005.cpp">
      <Filter>源文件</Filter>
    </ClCompile>
    <ClCompile Include="P006.cpp">
      <Filter>源文件</Filter>
    </ClCompile>
    <ClCompile Include="P007.cpp">
      <Filter>源文件</Filter>
    </ClCompile>
    <ClCompile Include="P008.cpp">
      <Filter>源文件</Filter>
    </ClCompile>
    <ClCompile Include="P009.cpp">
      <Filter>源文件</Filter>
    </ClCompile>
    <ClCompile Include="P010.cpp">
      <Filter>源文件</Filter>
    </ClCompile>
    <ClCompile Include="P011.cpp">
      <Filter>源文件</Filter>
    </ClCompile>
    <ClCompile Include="P012.cpp">
      <Filter>源文件</Filter>
    </ClCompile>
    <ClCompile Include="P013.cpp">
      <Filter>源文件</Filter>
    </ClCompile>
    <ClCompile Include="P014.cpp">
      <Filter>源文件</Filter>
    </ClCompile>
    <ClCompile Include="P015.cpp">
      <Filter>源文件</Filter>
    </ClCompile>
    <ClCompile Include="P016.cpp">
      <Filter>源文件</Filter>
    </ClCompile>
    <ClCompile Include="P017.cpp">
      <Filter>源文件</Filter>
    </ClCompile>
    <ClCompile Include="P018.cpp">
      <Filter>源文件</Filter>
    </ClCompile>
    <ClCompile Include="P019.cpp">
      <Filter>源文件</Filter>
    </ClCompile>
    <ClCompile Include="P020.cpp">
      <Filter>源文件</Filter>
    </ClCompile>
    <ClCompile Include="P021.cpp">
      <Filter>源文件</Filter>
    </ClCompile>
    <ClCompile Include="P022.cpp">
      <Filter>源文件</Filter>
    </ClCompile>
    <ClCompile Include="P023.cpp">
      <Filter>源文件</Filter>
    </ClCompile>
    <ClCompile Include="P024.cpp">
      <Filter>源文件</Filter>
    </ClCompile>
    <ClCompile Include="P025.cpp">
      <Filter>源文件</Filter>
    </ClCompile>
    <ClCompile Include="P026.cpp">
      <Filter>源文件</Filter>
    </ClCompile>
    <ClCompile Include="P027.cpp">
      <Filter>源文件</Filter>
    </ClCompile>
    <ClCompile Include="P028.cpp">
      <Filter>源文件</Filter>
    </ClCompile>
    <ClCompile Include="P029.cpp">
      <Filter>源文件</Filter>
    </ClCompile>
    <ClCompile Include="P030.cpp">
      <Filter>源文件</Filter>
    </ClCompile>
    <ClCompile Include="P031.cpp">
      <Filter>源文件</Filter>
    </ClCompile>
    <ClCompile Include="P032.cpp">
      <Filter>源文件</Filter>
    </ClCompile>
    <ClCompile Include="P033.cpp">
      <Filter>源文件</Filter>
    </ClCompile>
    <ClCompile Include="P034.cpp">
      <Filter>源文件</Filter>
    </ClCompile>
    <ClCompile Include="P035.cpp">
      <Filter>源文件</Filter>
    </ClCompile>
    <ClCompile Include="P036.cpp">
      <Filter>源文件</Filter>
    </ClCompile>
    <ClCompile Include="P037.cpp">
      <Filter>源文件</Filter>
    </ClCompile>
    <ClCompile Include="P038.cpp">
      <Filter>源文件</Filter>
    </ClCompile>
    <ClCompile Include="P039.cpp">
      <Filter>源文件</Filter>
    </ClCompile>
    <ClCompile Include="P040.cpp">
      <Filter>源文件</Filter>
    </ClCompile>
    <ClCompile Include="P041.cpp">
      <Filter>源文件</Filter>
    </ClCompile>
    <ClCompile Include="P042.cpp">
      <Filter>源文件</Filter>
    </ClCompile>
    <ClCompile Include="p043.cpp">
      <Filter>源文件</Filter>
    </ClCompile>
    <ClCompile Include="P044.cpp">
      <Filter>源文件</Filter>
    </ClCompile>
    <ClCompile Include="P045.cpp">
      <Filter>源文件</Filter>
    </ClCompile>
    <ClCompile Include="P046.cpp">
      <Filter>源文件</Filter>
    </ClCompile>
    <ClCompile Include="P047.cpp">
      <Filter>源文件</Filter>
    </ClCompile>
    <ClCompile Include="P048.cpp">
      <Filter>源文件</Filter>
    </ClCompile>
    <ClCompile Include="P049.cpp">
      <Filter>源文件</Filter>
    </ClCompile>
    <ClCompile Include="P050.cpp">
      <Filter>源文件</Filter>
    </ClCompile>
    <ClCompile Include="P056.cpp">
      <Filter>源文件</Filter>
    </ClCompile>
    <ClCompile Include="P057.cpp">
      <Filter>源文件</Filter>
    </ClCompile>
    <ClCompile Include="P058.cpp">
      <Filter>源文件</Filter>
    </ClCompile>
    <ClCompile Include="P059.cpp">
      <Filter>源文件</Filter>
    </ClCompile>
  </ItemGroup>
  <ItemGroup>
    <ClInclude Include="LeetCode.h">
      <Filter>头文件</Filter>
    </ClInclude>
  </ItemGroup>
</Project>